// !$*UTF8*$!
{
	archiveVersion = 1;
	classes = {
	};
	objectVersion = 46;
	objects = {

/* Begin PBXBuildFile section */
		C85079541D2CB39D000BA862 /* tableViewCell.swift in Sources */ = {isa = PBXBuildFile; fileRef = C85079531D2CB39D000BA862 /* tableViewCell.swift */; };
		C85079561D2D83B2000BA862 /* DetailViewController.swift in Sources */ = {isa = PBXBuildFile; fileRef = C85079551D2D83B1000BA862 /* DetailViewController.swift */; };
		C85079581D2D8556000BA862 /* Event.swift in Sources */ = {isa = PBXBuildFile; fileRef = C85079571D2D8556000BA862 /* Event.swift */; };
		C850795A1D2D8792000BA862 /* EventList.swift in Sources */ = {isa = PBXBuildFile; fileRef = C85079591D2D8792000BA862 /* EventList.swift */; };
		C8813DDE1D53002300BB408D /* Fabric.framework in Frameworks */ = {isa = PBXBuildFile; fileRef = C8813DDA1D53002300BB408D /* Fabric.framework */; };
		C8813DDF1D53002300BB408D /* TwitterKit.framework in Frameworks */ = {isa = PBXBuildFile; fileRef = C8813DDB1D53002300BB408D /* TwitterKit.framework */; };
		C8813DE01D53002300BB408D /* TwitterKitResources.bundle in Resources */ = {isa = PBXBuildFile; fileRef = C8813DDC1D53002300BB408D /* TwitterKitResources.bundle */; };
		C8813DE11D53002300BB408D /* TwitterCore.framework in Frameworks */ = {isa = PBXBuildFile; fileRef = C8813DDD1D53002300BB408D /* TwitterCore.framework */; };
		C8813DE31D53052E00BB408D /* SearchTimelineViewController.swift in Sources */ = {isa = PBXBuildFile; fileRef = C8813DE21D53052E00BB408D /* SearchTimelineViewController.swift */; };
		C8A108E81D274DEC005C6F0C /* TableViewController.swift in Sources */ = {isa = PBXBuildFile; fileRef = C8A108E71D274DEC005C6F0C /* TableViewController.swift */; };
		C8A108EA1D2843C4005C6F0C /* CalendarViewController.swift in Sources */ = {isa = PBXBuildFile; fileRef = C8A108E91D2843C3005C6F0C /* CalendarViewController.swift */; };
		C8BB123E1D1CCBC200E7B937 /* AppDelegate.swift in Sources */ = {isa = PBXBuildFile; fileRef = C8BB123D1D1CCBC200E7B937 /* AppDelegate.swift */; };
		C8BB12401D1CCBC200E7B937 /* MainViewController.swift in Sources */ = {isa = PBXBuildFile; fileRef = C8BB123F1D1CCBC200E7B937 /* MainViewController.swift */; };
		C8BB12431D1CCBC200E7B937 /* Nonmember.storyboard in Resources */ = {isa = PBXBuildFile; fileRef = C8BB12411D1CCBC200E7B937 /* Nonmember.storyboard */; };
		C8BB12451D1CCBC200E7B937 /* Assets.xcassets in Resources */ = {isa = PBXBuildFile; fileRef = C8BB12441D1CCBC200E7B937 /* Assets.xcassets */; };
		C8BB12481D1CCBC200E7B937 /* LaunchScreen.storyboard in Resources */ = {isa = PBXBuildFile; fileRef = C8BB12461D1CCBC200E7B937 /* LaunchScreen.storyboard */; };
		C8BB12531D1CCBC300E7B937 /* Nonmember_Band_AppTests.swift in Sources */ = {isa = PBXBuildFile; fileRef = C8BB12521D1CCBC300E7B937 /* Nonmember_Band_AppTests.swift */; };
		C8BB125E1D1CCBC300E7B937 /* Nonmember_Band_AppUITests.swift in Sources */ = {isa = PBXBuildFile; fileRef = C8BB125D1D1CCBC300E7B937 /* Nonmember_Band_AppUITests.swift */; };
		C8BB126E1D1D97FD00E7B937 /* ContactViewController.swift in Sources */ = {isa = PBXBuildFile; fileRef = C8BB126D1D1D97FD00E7B937 /* ContactViewController.swift */; };
		C8BB12701D1D984500E7B937 /* DonateViewController.swift in Sources */ = {isa = PBXBuildFile; fileRef = C8BB126F1D1D984500E7B937 /* DonateViewController.swift */; };
		C8BB12721D1D989D00E7B937 /* InfoViewController.swift in Sources */ = {isa = PBXBuildFile; fileRef = C8BB12711D1D989D00E7B937 /* InfoViewController.swift */; };
		C8BFB31E1D458855009FF298 /* TwitterViewController.swift in Sources */ = {isa = PBXBuildFile; fileRef = C8BFB31D1D458853009FF298 /* TwitterViewController.swift */; };
		C8D225271D53B86A007811DC /* UpcomingEventsViewController.swift in Sources */ = {isa = PBXBuildFile; fileRef = C8D225261D53B86A007811DC /* UpcomingEventsViewController.swift */; };
		C8F7A3671D5A7B3B00F210A3 /* FlickrAPI.swift in Sources */ = {isa = PBXBuildFile; fileRef = C8F7A35F1D5A7B3B00F210A3 /* FlickrAPI.swift */; };
		C8F7A3681D5A7B3B00F210A3 /* PhotoStore.swift in Sources */ = {isa = PBXBuildFile; fileRef = C8F7A3601D5A7B3B00F210A3 /* PhotoStore.swift */; };
		C8F7A3691D5A7B3B00F210A3 /* PhotosViewController.swift in Sources */ = {isa = PBXBuildFile; fileRef = C8F7A3611D5A7B3B00F210A3 /* PhotosViewController.swift */; };
		C8F7A36A1D5A7B3B00F210A3 /* Photo.swift in Sources */ = {isa = PBXBuildFile; fileRef = C8F7A3621D5A7B3B00F210A3 /* Photo.swift */; };
		C8F7A36B1D5A7B3B00F210A3 /* PhotoDataSource.swift in Sources */ = {isa = PBXBuildFile; fileRef = C8F7A3631D5A7B3B00F210A3 /* PhotoDataSource.swift */; };
		C8F7A36C1D5A7B3B00F210A3 /* PhotoCollectionViewCell.swift in Sources */ = {isa = PBXBuildFile; fileRef = C8F7A3641D5A7B3B00F210A3 /* PhotoCollectionViewCell.swift */; };
		C8F7A36D1D5A7B3B00F210A3 /* PhotoInfoViewController.swift in Sources */ = {isa = PBXBuildFile; fileRef = C8F7A3651D5A7B3B00F210A3 /* PhotoInfoViewController.swift */; };
		C8F7A36E1D5A7B3B00F210A3 /* PhotosCollectionViewController.swift in Sources */ = {isa = PBXBuildFile; fileRef = C8F7A3661D5A7B3B00F210A3 /* PhotosCollectionViewController.swift */; };
/* End PBXBuildFile section */

/* Begin PBXContainerItemProxy section */
		C8BB124F1D1CCBC300E7B937 /* PBXContainerItemProxy */ = {
			isa = PBXContainerItemProxy;
			containerPortal = C8BB12321D1CCBC200E7B937 /* Project object */;
			proxyType = 1;
			remoteGlobalIDString = C8BB12391D1CCBC200E7B937;
			remoteInfo = "Nonmember Band App";
		};
		C8BB125A1D1CCBC300E7B937 /* PBXContainerItemProxy */ = {
			isa = PBXContainerItemProxy;
			containerPortal = C8BB12321D1CCBC200E7B937 /* Project object */;
			proxyType = 1;
			remoteGlobalIDString = C8BB12391D1CCBC200E7B937;
			remoteInfo = "Nonmember Band App";
		};
/* End PBXContainerItemProxy section */

/* Begin PBXFileReference section */
		C85079531D2CB39D000BA862 /* tableViewCell.swift */ = {isa = PBXFileReference; fileEncoding = 4; lastKnownFileType = sourcecode.swift; path = tableViewCell.swift; sourceTree = "<group>"; };
		C85079551D2D83B1000BA862 /* DetailViewController.swift */ = {isa = PBXFileReference; fileEncoding = 4; lastKnownFileType = sourcecode.swift; path = DetailViewController.swift; sourceTree = "<group>"; };
		C85079571D2D8556000BA862 /* Event.swift */ = {isa = PBXFileReference; fileEncoding = 4; lastKnownFileType = sourcecode.swift; path = Event.swift; sourceTree = "<group>"; };
		C85079591D2D8792000BA862 /* EventList.swift */ = {isa = PBXFileReference; fileEncoding = 4; lastKnownFileType = sourcecode.swift; path = EventList.swift; sourceTree = "<group>"; };
		C8813DDA1D53002300BB408D /* Fabric.framework */ = {isa = PBXFileReference; lastKnownFileType = wrapper.framework; path = Fabric.framework; sourceTree = SOURCE_ROOT; };
		C8813DDB1D53002300BB408D /* TwitterKit.framework */ = {isa = PBXFileReference; lastKnownFileType = wrapper.framework; path = TwitterKit.framework; sourceTree = SOURCE_ROOT; };
		C8813DDC1D53002300BB408D /* TwitterKitResources.bundle */ = {isa = PBXFileReference; lastKnownFileType = "wrapper.plug-in"; name = TwitterKitResources.bundle; path = TwitterKit.framework/Versions/A/Resources/TwitterKitResources.bundle; sourceTree = SOURCE_ROOT; };
		C8813DDD1D53002300BB408D /* TwitterCore.framework */ = {isa = PBXFileReference; lastKnownFileType = wrapper.framework; path = TwitterCore.framework; sourceTree = SOURCE_ROOT; };
		C8813DE21D53052E00BB408D /* SearchTimelineViewController.swift */ = {isa = PBXFileReference; fileEncoding = 4; lastKnownFileType = sourcecode.swift; path = SearchTimelineViewController.swift; sourceTree = "<group>"; };
		C8A108E71D274DEC005C6F0C /* TableViewController.swift */ = {isa = PBXFileReference; fileEncoding = 4; lastKnownFileType = sourcecode.swift; path = TableViewController.swift; sourceTree = "<group>"; };
		C8A108E91D2843C3005C6F0C /* CalendarViewController.swift */ = {isa = PBXFileReference; fileEncoding = 4; lastKnownFileType = sourcecode.swift; path = CalendarViewController.swift; sourceTree = "<group>"; };
		C8BB123A1D1CCBC200E7B937 /* Nonmember Band App.app */ = {isa = PBXFileReference; explicitFileType = wrapper.application; includeInIndex = 0; path = "Nonmember Band App.app"; sourceTree = BUILT_PRODUCTS_DIR; };
		C8BB123D1D1CCBC200E7B937 /* AppDelegate.swift */ = {isa = PBXFileReference; lastKnownFileType = sourcecode.swift; path = AppDelegate.swift; sourceTree = "<group>"; };
		C8BB123F1D1CCBC200E7B937 /* MainViewController.swift */ = {isa = PBXFileReference; lastKnownFileType = sourcecode.swift; path = MainViewController.swift; sourceTree = "<group>"; };
		C8BB12421D1CCBC200E7B937 /* Base */ = {isa = PBXFileReference; lastKnownFileType = file.storyboard; name = Base; path = Base.lproj/Nonmember.storyboard; sourceTree = "<group>"; };
		C8BB12441D1CCBC200E7B937 /* Assets.xcassets */ = {isa = PBXFileReference; lastKnownFileType = folder.assetcatalog; path = Assets.xcassets; sourceTree = "<group>"; };
		C8BB12471D1CCBC200E7B937 /* Base */ = {isa = PBXFileReference; lastKnownFileType = file.storyboard; name = Base; path = Base.lproj/LaunchScreen.storyboard; sourceTree = "<group>"; };
		C8BB12491D1CCBC200E7B937 /* Info.plist */ = {isa = PBXFileReference; lastKnownFileType = text.plist.xml; path = Info.plist; sourceTree = "<group>"; };
		C8BB124E1D1CCBC300E7B937 /* Nonmember Band AppTests.xctest */ = {isa = PBXFileReference; explicitFileType = wrapper.cfbundle; includeInIndex = 0; path = "Nonmember Band AppTests.xctest"; sourceTree = BUILT_PRODUCTS_DIR; };
		C8BB12521D1CCBC300E7B937 /* Nonmember_Band_AppTests.swift */ = {isa = PBXFileReference; lastKnownFileType = sourcecode.swift; path = Nonmember_Band_AppTests.swift; sourceTree = "<group>"; };
		C8BB12541D1CCBC300E7B937 /* Info.plist */ = {isa = PBXFileReference; lastKnownFileType = text.plist.xml; path = Info.plist; sourceTree = "<group>"; };
		C8BB12591D1CCBC300E7B937 /* Nonmember Band AppUITests.xctest */ = {isa = PBXFileReference; explicitFileType = wrapper.cfbundle; includeInIndex = 0; path = "Nonmember Band AppUITests.xctest"; sourceTree = BUILT_PRODUCTS_DIR; };
		C8BB125D1D1CCBC300E7B937 /* Nonmember_Band_AppUITests.swift */ = {isa = PBXFileReference; lastKnownFileType = sourcecode.swift; path = Nonmember_Band_AppUITests.swift; sourceTree = "<group>"; };
		C8BB125F1D1CCBC300E7B937 /* Info.plist */ = {isa = PBXFileReference; lastKnownFileType = text.plist.xml; path = Info.plist; sourceTree = "<group>"; };
		C8BB126D1D1D97FD00E7B937 /* ContactViewController.swift */ = {isa = PBXFileReference; fileEncoding = 4; lastKnownFileType = sourcecode.swift; path = ContactViewController.swift; sourceTree = "<group>"; };
		C8BB126F1D1D984500E7B937 /* DonateViewController.swift */ = {isa = PBXFileReference; fileEncoding = 4; lastKnownFileType = sourcecode.swift; path = DonateViewController.swift; sourceTree = "<group>"; };
		C8BB12711D1D989D00E7B937 /* InfoViewController.swift */ = {isa = PBXFileReference; fileEncoding = 4; lastKnownFileType = sourcecode.swift; path = InfoViewController.swift; sourceTree = "<group>"; };
		C8BFB31D1D458853009FF298 /* TwitterViewController.swift */ = {isa = PBXFileReference; fileEncoding = 4; lastKnownFileType = sourcecode.swift; path = TwitterViewController.swift; sourceTree = "<group>"; };
		C8D225261D53B86A007811DC /* UpcomingEventsViewController.swift */ = {isa = PBXFileReference; fileEncoding = 4; lastKnownFileType = sourcecode.swift; path = UpcomingEventsViewController.swift; sourceTree = "<group>"; };
		C8F7A35F1D5A7B3B00F210A3 /* FlickrAPI.swift */ = {isa = PBXFileReference; fileEncoding = 4; lastKnownFileType = sourcecode.swift; path = FlickrAPI.swift; sourceTree = "<group>"; };
		C8F7A3601D5A7B3B00F210A3 /* PhotoStore.swift */ = {isa = PBXFileReference; fileEncoding = 4; lastKnownFileType = sourcecode.swift; path = PhotoStore.swift; sourceTree = "<group>"; };
		C8F7A3611D5A7B3B00F210A3 /* PhotosViewController.swift */ = {isa = PBXFileReference; fileEncoding = 4; lastKnownFileType = sourcecode.swift; path = PhotosViewController.swift; sourceTree = "<group>"; };
		C8F7A3621D5A7B3B00F210A3 /* Photo.swift */ = {isa = PBXFileReference; fileEncoding = 4; lastKnownFileType = sourcecode.swift; path = Photo.swift; sourceTree = "<group>"; };
		C8F7A3631D5A7B3B00F210A3 /* PhotoDataSource.swift */ = {isa = PBXFileReference; fileEncoding = 4; lastKnownFileType = sourcecode.swift; path = PhotoDataSource.swift; sourceTree = "<group>"; };
		C8F7A3641D5A7B3B00F210A3 /* PhotoCollectionViewCell.swift */ = {isa = PBXFileReference; fileEncoding = 4; lastKnownFileType = sourcecode.swift; path = PhotoCollectionViewCell.swift; sourceTree = "<group>"; };
		C8F7A3651D5A7B3B00F210A3 /* PhotoInfoViewController.swift */ = {isa = PBXFileReference; fileEncoding = 4; lastKnownFileType = sourcecode.swift; path = PhotoInfoViewController.swift; sourceTree = "<group>"; };
		C8F7A3661D5A7B3B00F210A3 /* PhotosCollectionViewController.swift */ = {isa = PBXFileReference; fileEncoding = 4; lastKnownFileType = sourcecode.swift; path = PhotosCollectionViewController.swift; sourceTree = "<group>"; };
/* End PBXFileReference section */

/* Begin PBXFrameworksBuildPhase section */
		C8BB12371D1CCBC200E7B937 /* Frameworks */ = {
			isa = PBXFrameworksBuildPhase;
			buildActionMask = 2147483647;
			files = (
				C8813DDE1D53002300BB408D /* Fabric.framework in Frameworks */,
				C8813DE11D53002300BB408D /* TwitterCore.framework in Frameworks */,
				C8813DDF1D53002300BB408D /* TwitterKit.framework in Frameworks */,
			);
			runOnlyForDeploymentPostprocessing = 0;
		};
		C8BB124B1D1CCBC300E7B937 /* Frameworks */ = {
			isa = PBXFrameworksBuildPhase;
			buildActionMask = 2147483647;
			files = (
			);
			runOnlyForDeploymentPostprocessing = 0;
		};
		C8BB12561D1CCBC300E7B937 /* Frameworks */ = {
			isa = PBXFrameworksBuildPhase;
			buildActionMask = 2147483647;
			files = (
			);
			runOnlyForDeploymentPostprocessing = 0;
		};
/* End PBXFrameworksBuildPhase section */

/* Begin PBXGroup section */
		C8BB12311D1CCBC200E7B937 = {
			isa = PBXGroup;
			children = (
				C8BB123C1D1CCBC200E7B937 /* Nonmember Band App */,
				C8BB12511D1CCBC300E7B937 /* Nonmember Band AppTests */,
				C8BB125C1D1CCBC300E7B937 /* Nonmember Band AppUITests */,
				C8BB123B1D1CCBC200E7B937 /* Products */,
			);
			sourceTree = "<group>";
		};
		C8BB123B1D1CCBC200E7B937 /* Products */ = {
			isa = PBXGroup;
			children = (
				C8BB123A1D1CCBC200E7B937 /* Nonmember Band App.app */,
				C8BB124E1D1CCBC300E7B937 /* Nonmember Band AppTests.xctest */,
				C8BB12591D1CCBC300E7B937 /* Nonmember Band AppUITests.xctest */,
			);
			name = Products;
			sourceTree = "<group>";
		};
		C8BB123C1D1CCBC200E7B937 /* Nonmember Band App */ = {
			isa = PBXGroup;
			children = (
				C8BB123D1D1CCBC200E7B937 /* AppDelegate.swift */,
				C8BB123F1D1CCBC200E7B937 /* MainViewController.swift */,
				C8BB12411D1CCBC200E7B937 /* Nonmember.storyboard */,
				C8BB12441D1CCBC200E7B937 /* Assets.xcassets */,
				C8BB12461D1CCBC200E7B937 /* LaunchScreen.storyboard */,
				C8BB12491D1CCBC200E7B937 /* Info.plist */,
				C8BB126F1D1D984500E7B937 /* DonateViewController.swift */,
				C8BB12711D1D989D00E7B937 /* InfoViewController.swift */,
				C8A108E91D2843C3005C6F0C /* CalendarViewController.swift */,
				C85079551D2D83B1000BA862 /* DetailViewController.swift */,
				C8BFB31D1D458853009FF298 /* TwitterViewController.swift */,
				C8813DE21D53052E00BB408D /* SearchTimelineViewController.swift */,
				C8D225261D53B86A007811DC /* UpcomingEventsViewController.swift */,
				C8F7A36F1D5A83C500F210A3 /* Flickr API */,
				C8F7A3701D5A843200F210A3 /* Unused Files */,
				C8813DDA1D53002300BB408D /* Fabric.framework */,
				C8813DDB1D53002300BB408D /* TwitterKit.framework */,
				C8813DDC1D53002300BB408D /* TwitterKitResources.bundle */,
				C8813DDD1D53002300BB408D /* TwitterCore.framework */,
			);
			path = "Nonmember Band App";
			sourceTree = "<group>";
		};
		C8BB12511D1CCBC300E7B937 /* Nonmember Band AppTests */ = {
			isa = PBXGroup;
			children = (
				C8BB12521D1CCBC300E7B937 /* Nonmember_Band_AppTests.swift */,
				C8BB12541D1CCBC300E7B937 /* Info.plist */,
			);
			path = "Nonmember Band AppTests";
			sourceTree = "<group>";
		};
		C8BB125C1D1CCBC300E7B937 /* Nonmember Band AppUITests */ = {
			isa = PBXGroup;
			children = (
				C8BB125D1D1CCBC300E7B937 /* Nonmember_Band_AppUITests.swift */,
				C8BB125F1D1CCBC300E7B937 /* Info.plist */,
			);
			path = "Nonmember Band AppUITests";
			sourceTree = "<group>";
		};
		C8F7A36F1D5A83C500F210A3 /* Flickr API */ = {
			isa = PBXGroup;
			children = (
				C8F7A35F1D5A7B3B00F210A3 /* FlickrAPI.swift */,
				C8F7A3601D5A7B3B00F210A3 /* PhotoStore.swift */,
				C8F7A3611D5A7B3B00F210A3 /* PhotosViewController.swift */,
				C8F7A3621D5A7B3B00F210A3 /* Photo.swift */,
				C8F7A3631D5A7B3B00F210A3 /* PhotoDataSource.swift */,
				C8F7A3641D5A7B3B00F210A3 /* PhotoCollectionViewCell.swift */,
				C8F7A3651D5A7B3B00F210A3 /* PhotoInfoViewController.swift */,
				C8F7A3661D5A7B3B00F210A3 /* PhotosCollectionViewController.swift */,
			);
			name = "Flickr API";
			sourceTree = "<group>";
		};
		C8F7A3701D5A843200F210A3 /* Unused Files */ = {
			isa = PBXGroup;
			children = (
				C8BB126D1D1D97FD00E7B937 /* ContactViewController.swift */,
				C8A108E71D274DEC005C6F0C /* TableViewController.swift */,
				C85079531D2CB39D000BA862 /* tableViewCell.swift */,
				C85079571D2D8556000BA862 /* Event.swift */,
				C85079591D2D8792000BA862 /* EventList.swift */,
			);
			name = "Unused Files";
			sourceTree = "<group>";
		};
/* End PBXGroup section */

/* Begin PBXNativeTarget section */
		C8BB12391D1CCBC200E7B937 /* Nonmember Band App */ = {
			isa = PBXNativeTarget;
			buildConfigurationList = C8BB12621D1CCBC300E7B937 /* Build configuration list for PBXNativeTarget "Nonmember Band App" */;
			buildPhases = (
				C8BB12361D1CCBC200E7B937 /* Sources */,
				C8BB12371D1CCBC200E7B937 /* Frameworks */,
				C8BB12381D1CCBC200E7B937 /* Resources */,
				C8B8F4111D445D5C00C85949 /* ShellScript */,
			);
			buildRules = (
			);
			dependencies = (
			);
			name = "Nonmember Band App";
			productName = "Nonmember Band App";
			productReference = C8BB123A1D1CCBC200E7B937 /* Nonmember Band App.app */;
			productType = "com.apple.product-type.application";
		};
		C8BB124D1D1CCBC300E7B937 /* Nonmember Band AppTests */ = {
			isa = PBXNativeTarget;
			buildConfigurationList = C8BB12651D1CCBC300E7B937 /* Build configuration list for PBXNativeTarget "Nonmember Band AppTests" */;
			buildPhases = (
				C8BB124A1D1CCBC300E7B937 /* Sources */,
				C8BB124B1D1CCBC300E7B937 /* Frameworks */,
				C8BB124C1D1CCBC300E7B937 /* Resources */,
			);
			buildRules = (
			);
			dependencies = (
				C8BB12501D1CCBC300E7B937 /* PBXTargetDependency */,
			);
			name = "Nonmember Band AppTests";
			productName = "Nonmember Band AppTests";
			productReference = C8BB124E1D1CCBC300E7B937 /* Nonmember Band AppTests.xctest */;
			productType = "com.apple.product-type.bundle.unit-test";
		};
		C8BB12581D1CCBC300E7B937 /* Nonmember Band AppUITests */ = {
			isa = PBXNativeTarget;
			buildConfigurationList = C8BB12681D1CCBC300E7B937 /* Build configuration list for PBXNativeTarget "Nonmember Band AppUITests" */;
			buildPhases = (
				C8BB12551D1CCBC300E7B937 /* Sources */,
				C8BB12561D1CCBC300E7B937 /* Frameworks */,
				C8BB12571D1CCBC300E7B937 /* Resources */,
			);
			buildRules = (
			);
			dependencies = (
				C8BB125B1D1CCBC300E7B937 /* PBXTargetDependency */,
			);
			name = "Nonmember Band AppUITests";
			productName = "Nonmember Band AppUITests";
			productReference = C8BB12591D1CCBC300E7B937 /* Nonmember Band AppUITests.xctest */;
			productType = "com.apple.product-type.bundle.ui-testing";
		};
/* End PBXNativeTarget section */

/* Begin PBXProject section */
		C8BB12321D1CCBC200E7B937 /* Project object */ = {
			isa = PBXProject;
			attributes = {
				LastSwiftUpdateCheck = 0730;
				LastUpgradeCheck = 0730;
				ORGANIZATIONNAME = ClassroomM;
				TargetAttributes = {
					C8BB12391D1CCBC200E7B937 = {
						CreatedOnToolsVersion = 7.3.1;
						DevelopmentTeam = G9EL47UXZH;
					};
					C8BB124D1D1CCBC300E7B937 = {
						CreatedOnToolsVersion = 7.3.1;
						DevelopmentTeam = G9EL47UXZH;
						TestTargetID = C8BB12391D1CCBC200E7B937;
					};
					C8BB12581D1CCBC300E7B937 = {
						CreatedOnToolsVersion = 7.3.1;
						DevelopmentTeam = G9EL47UXZH;
						TestTargetID = C8BB12391D1CCBC200E7B937;
					};
				};
			};
			buildConfigurationList = C8BB12351D1CCBC200E7B937 /* Build configuration list for PBXProject "Nonmember Band App" */;
			compatibilityVersion = "Xcode 3.2";
			developmentRegion = English;
			hasScannedForEncodings = 0;
			knownRegions = (
				en,
				Base,
			);
			mainGroup = C8BB12311D1CCBC200E7B937;
			productRefGroup = C8BB123B1D1CCBC200E7B937 /* Products */;
			projectDirPath = "";
			projectRoot = "";
			targets = (
				C8BB12391D1CCBC200E7B937 /* Nonmember Band App */,
				C8BB124D1D1CCBC300E7B937 /* Nonmember Band AppTests */,
				C8BB12581D1CCBC300E7B937 /* Nonmember Band AppUITests */,
			);
		};
/* End PBXProject section */

/* Begin PBXResourcesBuildPhase section */
		C8BB12381D1CCBC200E7B937 /* Resources */ = {
			isa = PBXResourcesBuildPhase;
			buildActionMask = 2147483647;
			files = (
				C8813DE01D53002300BB408D /* TwitterKitResources.bundle in Resources */,
				C8BB12481D1CCBC200E7B937 /* LaunchScreen.storyboard in Resources */,
				C8BB12451D1CCBC200E7B937 /* Assets.xcassets in Resources */,
				C8BB12431D1CCBC200E7B937 /* Nonmember.storyboard in Resources */,
			);
			runOnlyForDeploymentPostprocessing = 0;
		};
		C8BB124C1D1CCBC300E7B937 /* Resources */ = {
			isa = PBXResourcesBuildPhase;
			buildActionMask = 2147483647;
			files = (
			);
			runOnlyForDeploymentPostprocessing = 0;
		};
		C8BB12571D1CCBC300E7B937 /* Resources */ = {
			isa = PBXResourcesBuildPhase;
			buildActionMask = 2147483647;
			files = (
			);
			runOnlyForDeploymentPostprocessing = 0;
		};
/* End PBXResourcesBuildPhase section */

/* Begin PBXShellScriptBuildPhase section */
		C8B8F4111D445D5C00C85949 /* ShellScript */ = {
			isa = PBXShellScriptBuildPhase;
			buildActionMask = 2147483647;
			files = (
			);
			inputPaths = (
			);
			outputPaths = (
			);
			runOnlyForDeploymentPostprocessing = 0;
			shellPath = /bin/sh;
			shellScript = "./Fabric.framework/run 9a481d1689708bda50e5eee8befae62329b40faa 5d699cc7207e2a83661616386912734054857c0454f446ccb16c04aa9b21e830";
		};
/* End PBXShellScriptBuildPhase section */

/* Begin PBXSourcesBuildPhase section */
		C8BB12361D1CCBC200E7B937 /* Sources */ = {
			isa = PBXSourcesBuildPhase;
			buildActionMask = 2147483647;
			files = (
				C8BFB31E1D458855009FF298 /* TwitterViewController.swift in Sources */,
				C8F7A36C1D5A7B3B00F210A3 /* PhotoCollectionViewCell.swift in Sources */,
				C8F7A36D1D5A7B3B00F210A3 /* PhotoInfoViewController.swift in Sources */,
				C8F7A3691D5A7B3B00F210A3 /* PhotosViewController.swift in Sources */,
				C8D225271D53B86A007811DC /* UpcomingEventsViewController.swift in Sources */,
				C8F7A3681D5A7B3B00F210A3 /* PhotoStore.swift in Sources */,
				C8813DE31D53052E00BB408D /* SearchTimelineViewController.swift in Sources */,
				C85079561D2D83B2000BA862 /* DetailViewController.swift in Sources */,
				C8A108E81D274DEC005C6F0C /* TableViewController.swift in Sources */,
				C850795A1D2D8792000BA862 /* EventList.swift in Sources */,
				C85079541D2CB39D000BA862 /* tableViewCell.swift in Sources */,
				C8BB126E1D1D97FD00E7B937 /* ContactViewController.swift in Sources */,
				C8F7A36B1D5A7B3B00F210A3 /* PhotoDataSource.swift in Sources */,
				C85079581D2D8556000BA862 /* Event.swift in Sources */,
				C8F7A3671D5A7B3B00F210A3 /* FlickrAPI.swift in Sources */,
				C8F7A36A1D5A7B3B00F210A3 /* Photo.swift in Sources */,
				C8BB12401D1CCBC200E7B937 /* MainViewController.swift in Sources */,
				C8BB123E1D1CCBC200E7B937 /* AppDelegate.swift in Sources */,
				C8BB12721D1D989D00E7B937 /* InfoViewController.swift in Sources */,
				C8A108EA1D2843C4005C6F0C /* CalendarViewController.swift in Sources */,
				C8BB12701D1D984500E7B937 /* DonateViewController.swift in Sources */,
				C8F7A36E1D5A7B3B00F210A3 /* PhotosCollectionViewController.swift in Sources */,
			);
			runOnlyForDeploymentPostprocessing = 0;
		};
		C8BB124A1D1CCBC300E7B937 /* Sources */ = {
			isa = PBXSourcesBuildPhase;
			buildActionMask = 2147483647;
			files = (
				C8BB12531D1CCBC300E7B937 /* Nonmember_Band_AppTests.swift in Sources */,
			);
			runOnlyForDeploymentPostprocessing = 0;
		};
		C8BB12551D1CCBC300E7B937 /* Sources */ = {
			isa = PBXSourcesBuildPhase;
			buildActionMask = 2147483647;
			files = (
				C8BB125E1D1CCBC300E7B937 /* Nonmember_Band_AppUITests.swift in Sources */,
			);
			runOnlyForDeploymentPostprocessing = 0;
		};
/* End PBXSourcesBuildPhase section */

/* Begin PBXTargetDependency section */
		C8BB12501D1CCBC300E7B937 /* PBXTargetDependency */ = {
			isa = PBXTargetDependency;
			target = C8BB12391D1CCBC200E7B937 /* Nonmember Band App */;
			targetProxy = C8BB124F1D1CCBC300E7B937 /* PBXContainerItemProxy */;
		};
		C8BB125B1D1CCBC300E7B937 /* PBXTargetDependency */ = {
			isa = PBXTargetDependency;
			target = C8BB12391D1CCBC200E7B937 /* Nonmember Band App */;
			targetProxy = C8BB125A1D1CCBC300E7B937 /* PBXContainerItemProxy */;
		};
/* End PBXTargetDependency section */

/* Begin PBXVariantGroup section */
		C8BB12411D1CCBC200E7B937 /* Nonmember.storyboard */ = {
			isa = PBXVariantGroup;
			children = (
				C8BB12421D1CCBC200E7B937 /* Base */,
			);
			name = Nonmember.storyboard;
			sourceTree = "<group>";
		};
		C8BB12461D1CCBC200E7B937 /* LaunchScreen.storyboard */ = {
			isa = PBXVariantGroup;
			children = (
				C8BB12471D1CCBC200E7B937 /* Base */,
			);
			name = LaunchScreen.storyboard;
			sourceTree = "<group>";
		};
/* End PBXVariantGroup section */

/* Begin XCBuildConfiguration section */
		C8BB12601D1CCBC300E7B937 /* Debug */ = {
			isa = XCBuildConfiguration;
			buildSettings = {
				ALWAYS_SEARCH_USER_PATHS = NO;
				CLANG_ANALYZER_NONNULL = YES;
				CLANG_CXX_LANGUAGE_STANDARD = "gnu++0x";
				CLANG_CXX_LIBRARY = "libc++";
				CLANG_ENABLE_MODULES = YES;
				CLANG_ENABLE_OBJC_ARC = YES;
				CLANG_WARN_BOOL_CONVERSION = YES;
				CLANG_WARN_CONSTANT_CONVERSION = YES;
				CLANG_WARN_DIRECT_OBJC_ISA_USAGE = YES_ERROR;
				CLANG_WARN_EMPTY_BODY = YES;
				CLANG_WARN_ENUM_CONVERSION = YES;
				CLANG_WARN_INT_CONVERSION = YES;
				CLANG_WARN_OBJC_ROOT_CLASS = YES_ERROR;
				CLANG_WARN_UNREACHABLE_CODE = YES;
				CLANG_WARN__DUPLICATE_METHOD_MATCH = YES;
				"CODE_SIGN_IDENTITY[sdk=iphoneos*]" = "iPhone Developer";
				COPY_PHASE_STRIP = NO;
				DEBUG_INFORMATION_FORMAT = dwarf;
				ENABLE_STRICT_OBJC_MSGSEND = YES;
				ENABLE_TESTABILITY = YES;
				GCC_C_LANGUAGE_STANDARD = gnu99;
				GCC_DYNAMIC_NO_PIC = NO;
				GCC_NO_COMMON_BLOCKS = YES;
				GCC_OPTIMIZATION_LEVEL = 0;
				GCC_PREPROCESSOR_DEFINITIONS = (
					"DEBUG=1",
					"$(inherited)",
				);
				GCC_WARN_64_TO_32_BIT_CONVERSION = YES;
				GCC_WARN_ABOUT_RETURN_TYPE = YES_ERROR;
				GCC_WARN_UNDECLARED_SELECTOR = YES;
				GCC_WARN_UNINITIALIZED_AUTOS = YES_AGGRESSIVE;
				GCC_WARN_UNUSED_FUNCTION = YES;
				GCC_WARN_UNUSED_VARIABLE = YES;
				IPHONEOS_DEPLOYMENT_TARGET = 9.3;
				MTL_ENABLE_DEBUG_INFO = YES;
				ONLY_ACTIVE_ARCH = YES;
				SDKROOT = iphoneos;
				SWIFT_OPTIMIZATION_LEVEL = "-Onone";
				TARGETED_DEVICE_FAMILY = "1,2";
			};
			name = Debug;
		};
		C8BB12611D1CCBC300E7B937 /* Release */ = {
			isa = XCBuildConfiguration;
			buildSettings = {
				ALWAYS_SEARCH_USER_PATHS = NO;
				CLANG_ANALYZER_NONNULL = YES;
				CLANG_CXX_LANGUAGE_STANDARD = "gnu++0x";
				CLANG_CXX_LIBRARY = "libc++";
				CLANG_ENABLE_MODULES = YES;
				CLANG_ENABLE_OBJC_ARC = YES;
				CLANG_WARN_BOOL_CONVERSION = YES;
				CLANG_WARN_CONSTANT_CONVERSION = YES;
				CLANG_WARN_DIRECT_OBJC_ISA_USAGE = YES_ERROR;
				CLANG_WARN_EMPTY_BODY = YES;
				CLANG_WARN_ENUM_CONVERSION = YES;
				CLANG_WARN_INT_CONVERSION = YES;
				CLANG_WARN_OBJC_ROOT_CLASS = YES_ERROR;
				CLANG_WARN_UNREACHABLE_CODE = YES;
				CLANG_WARN__DUPLICATE_METHOD_MATCH = YES;
				"CODE_SIGN_IDENTITY[sdk=iphoneos*]" = "iPhone Developer";
				COPY_PHASE_STRIP = NO;
				DEBUG_INFORMATION_FORMAT = "dwarf-with-dsym";
				ENABLE_NS_ASSERTIONS = NO;
				ENABLE_STRICT_OBJC_MSGSEND = YES;
				GCC_C_LANGUAGE_STANDARD = gnu99;
				GCC_NO_COMMON_BLOCKS = YES;
				GCC_WARN_64_TO_32_BIT_CONVERSION = YES;
				GCC_WARN_ABOUT_RETURN_TYPE = YES_ERROR;
				GCC_WARN_UNDECLARED_SELECTOR = YES;
				GCC_WARN_UNINITIALIZED_AUTOS = YES_AGGRESSIVE;
				GCC_WARN_UNUSED_FUNCTION = YES;
				GCC_WARN_UNUSED_VARIABLE = YES;
				IPHONEOS_DEPLOYMENT_TARGET = 9.3;
				MTL_ENABLE_DEBUG_INFO = NO;
				SDKROOT = iphoneos;
				TARGETED_DEVICE_FAMILY = "1,2";
				VALIDATE_PRODUCT = YES;
			};
			name = Release;
		};
		C8BB12631D1CCBC300E7B937 /* Debug */ = {
			isa = XCBuildConfiguration;
			buildSettings = {
				ASSETCATALOG_COMPILER_APPICON_NAME = AppIcon;
				FRAMEWORK_SEARCH_PATHS = (
					"$(inherited)",
					"$(PROJECT_DIR)/Nonmember",
					Band,
					App,
					"$(PROJECT_DIR)/Nonmember",
					Band,
					App,
					"$(PROJECT_DIR)",
				);
				INFOPLIST_FILE = "Nonmember Band App/Info.plist";
				LD_RUNPATH_SEARCH_PATHS = "$(inherited) @executable_path/Frameworks";
				PRODUCT_BUNDLE_IDENTIFIER = "ClassroomM.Nonmember-Band-App";
				PRODUCT_NAME = "$(TARGET_NAME)";
			};
			name = Debug;
		};
		C8BB12641D1CCBC300E7B937 /* Release */ = {
			isa = XCBuildConfiguration;
			buildSettings = {
				ASSETCATALOG_COMPILER_APPICON_NAME = AppIcon;
				FRAMEWORK_SEARCH_PATHS = (
					"$(inherited)",
					"$(PROJECT_DIR)/Nonmember",
					Band,
					App,
					"$(PROJECT_DIR)/Nonmember",
					Band,
					App,
					"$(PROJECT_DIR)",
				);
				INFOPLIST_FILE = "Nonmember Band App/Info.plist";
				LD_RUNPATH_SEARCH_PATHS = "$(inherited) @executable_path/Frameworks";
				PRODUCT_BUNDLE_IDENTIFIER = "ClassroomM.Nonmember-Band-App";
				PRODUCT_NAME = "$(TARGET_NAME)";
			};
			name = Release;
		};
		C8BB12661D1CCBC300E7B937 /* Debug */ = {
			isa = XCBuildConfiguration;
			buildSettings = {
				BUNDLE_LOADER = "$(TEST_HOST)";
				INFOPLIST_FILE = "Nonmember Band AppTests/Info.plist";
				LD_RUNPATH_SEARCH_PATHS = "$(inherited) @executable_path/Frameworks @loader_path/Frameworks";
				PRODUCT_BUNDLE_IDENTIFIER = "ClassroomM.Nonmember-Band-AppTests";
				PRODUCT_NAME = "$(TARGET_NAME)";
				TEST_HOST = "$(BUILT_PRODUCTS_DIR)/Nonmember Band App.app/Nonmember Band App";
			};
			name = Debug;
		};
		C8BB12671D1CCBC300E7B937 /* Release */ = {
			isa = XCBuildConfiguration;
			buildSettings = {
				BUNDLE_LOADER = "$(TEST_HOST)";
				INFOPLIST_FILE = "Nonmember Band AppTests/Info.plist";
				LD_RUNPATH_SEARCH_PATHS = "$(inherited) @executable_path/Frameworks @loader_path/Frameworks";
				PRODUCT_BUNDLE_IDENTIFIER = "ClassroomM.Nonmember-Band-AppTests";
				PRODUCT_NAME = "$(TARGET_NAME)";
				TEST_HOST = "$(BUILT_PRODUCTS_DIR)/Nonmember Band App.app/Nonmember Band App";
			};
			name = Release;
		};
		C8BB12691D1CCBC300E7B937 /* Debug */ = {
			isa = XCBuildConfiguration;
			buildSettings = {
				INFOPLIST_FILE = "Nonmember Band AppUITests/Info.plist";
				LD_RUNPATH_SEARCH_PATHS = "$(inherited) @executable_path/Frameworks @loader_path/Frameworks";
				PRODUCT_BUNDLE_IDENTIFIER = "ClassroomM.Nonmember-Band-AppUITests";
				PRODUCT_NAME = "$(TARGET_NAME)";
				TEST_TARGET_NAME = "Nonmember Band App";
			};
			name = Debug;
		};
		C8BB126A1D1CCBC300E7B937 /* Release */ = {
			isa = XCBuildConfiguration;
			buildSettings = {
				INFOPLIST_FILE = "Nonmember Band AppUITests/Info.plist";
				LD_RUNPATH_SEARCH_PATHS = "$(inherited) @executable_path/Frameworks @loader_path/Frameworks";
				PRODUCT_BUNDLE_IDENTIFIER = "ClassroomM.Nonmember-Band-AppUITests";
				PRODUCT_NAME = "$(TARGET_NAME)";
				TEST_TARGET_NAME = "Nonmember Band App";
			};
			name = Release;
		};
/* End XCBuildConfiguration section */

/* Begin XCConfigurationList section */
		C8BB12351D1CCBC200E7B937 /* Build configuration list for PBXProject "Nonmember Band App" */ = {
			isa = XCConfigurationList;
			buildConfigurations = (
				C8BB12601D1CCBC300E7B937 /* Debug */,
				C8BB12611D1CCBC300E7B937 /* Release */,
			);
			defaultConfigurationIsVisible = 0;
			defaultConfigurationName = Release;
		};
		C8BB12621D1CCBC300E7B937 /* Build configuration list for PBXNativeTarget "Nonmember Band App" */ = {
			isa = XCConfigurationList;
			buildConfigurations = (
				C8BB12631D1CCBC300E7B937 /* Debug */,
				C8BB12641D1CCBC300E7B937 /* Release */,
			);
			defaultConfigurationIsVisible = 0;
			defaultConfigurationName = Release;
		};
		C8BB12651D1CCBC300E7B937 /* Build configuration list for PBXNativeTarget "Nonmember Band AppTests" */ = {
			isa = XCConfigurationList;
			buildConfigurations = (
				C8BB12661D1CCBC300E7B937 /* Debug */,
				C8BB12671D1CCBC300E7B937 /* Release */,
			);
			defaultConfigurationIsVisible = 0;
			defaultConfigurationName = Release;
		};
		C8BB12681D1CCBC300E7B937 /* Build configuration list for PBXNativeTarget "Nonmember Band AppUITests" */ = {
			isa = XCConfigurationList;
			buildConfigurations = (
				C8BB12691D1CCBC300E7B937 /* Debug */,
				C8BB126A1D1CCBC300E7B937 /* Release */,
			);
			defaultConfigurationIsVisible = 0;
			defaultConfigurationName = Release;
		};
/* End XCConfigurationList section */
	};
	rootObject = C8BB12321D1CCBC200E7B937 /* Project object */;
}
